
Microsoft Visual Studio Solution File, Format Version 12.00
# Visual Studio Version 16
VisualStudioVersion = 16.0.30907.101
MinimumVisualStudioVersion = 10.0.40219.1
Project("{FAE04EC0-301F-11D3-BF4B-00C04F79EFBC}") = "Northwind.Entities", "Northwind.Entities\Northwind.Entities.csproj", "{97E555CB-19EF-46D2-89BE-D6A9F8920BAD}"
EndProject
Project("{FAE04EC0-301F-11D3-BF4B-00C04F79EFBC}") = "Northwind.DataAccess", "Northwind.DataAccess\Northwind.DataAccess.csproj", "{0176EC02-228A-44DC-AA7B-E54D2E695888}"
EndProject
Project("{FAE04EC0-301F-11D3-BF4B-00C04F79EFBC}") = "Northwind.Business", "Northwind.Business\Northwind.Business.csproj", "{C12E0414-F8D5-4975-91C7-372672EFB34F}"
EndProject
Project("{FAE04EC0-301F-11D3-BF4B-00C04F79EFBC}") = "Northwind.WebFormsUI", "Northwind.WebFormsUI\Northwind.WebFormsUI.csproj", "{47AE5618-595D-4D29-B740-CA3C372484B2}"
EndProject
Global
	GlobalSection(SolutionConfigurationPlatforms) = preSolution
		Debug|Any CPU = Debug|Any CPU
		Release|Any CPU = Release|Any CPU
	EndGlobalSection
	GlobalSection(ProjectConfigurationPlatforms) = postSolution
		{97E555CB-19EF-46D2-89BE-D6A9F8920BAD}.Debug|Any CPU.ActiveCfg = Debug|Any CPU
		{97E555CB-19EF-46D2-89BE-D6A9F8920BAD}.Debug|Any CPU.Build.0 = Debug|Any CPU
		{97E555CB-19EF-46D2-89BE-D6A9F8920BAD}.Release|Any CPU.ActiveCfg = Release|Any CPU
		{97E555CB-19EF-46D2-89BE-D6A9F8920BAD}.Release|Any CPU.Build.0 = Release|Any CPU
		{0176EC02-228A-44DC-AA7B-E54D2E695888}.Debug|Any CPU.ActiveCfg = Debug|Any CPU
		{0176EC02-228A-44DC-AA7B-E54D2E695888}.Debug|Any CPU.Build.0 = Debug|Any CPU
		{0176EC02-228A-44DC-AA7B-E54D2E695888}.Release|Any CPU.ActiveCfg = Release|Any CPU
		{0176EC02-228A-44DC-AA7B-E54D2E695888}.Release|Any CPU.Build.0 = Release|Any CPU
		{C12E0414-F8D5-4975-91C7-372672EFB34F}.Debug|Any CPU.ActiveCfg = Debug|Any CPU
		{C12E0414-F8D5-4975-91C7-372672EFB34F}.Debug|Any CPU.Build.0 = Debug|Any CPU
		{C12E0414-F8D5-4975-91C7-372672EFB34F}.Release|Any CPU.ActiveCfg = Release|Any CPU
		{C12E0414-F8D5-4975-91C7-372672EFB34F}.Release|Any CPU.Build.0 = Release|Any CPU
		{47AE5618-595D-4D29-B740-CA3C372484B2}.Debug|Any CPU.ActiveCfg = Debug|Any CPU
		{47AE5618-595D-4D29-B740-CA3C372484B2}.Debug|Any CPU.Build.0 = Debug|Any CPU
		{47AE5618-595D-4D29-B740-CA3C372484B2}.Release|Any CPU.ActiveCfg = Release|Any CPU
		{47AE5618-595D-4D29-B740-CA3C372484B2}.Release|Any CPU.Build.0 = Release|Any CPU
	EndGlobalSection
	GlobalSection(SolutionProperties) = preSolution
		HideSolutionNode = FALSE
	EndGlobalSection
	GlobalSection(ExtensibilityGlobals) = postSolution
		SolutionGuid = {7E31DC10-720E-44E5-928B-79D15F68CA13}
	EndGlobalSection
EndGlobal
